
Microsoft Visual Studio Solution File, Format Version 12.00
# Visual Studio 15
VisualStudioVersion = 15.0.28307.960
MinimumVisualStudioVersion = 10.0.40219.1
Project("{FAE04EC0-301F-11D3-BF4B-00C04F79EFBC}") = "CURD", "CURD\CURD.csproj", "{5AF89F3D-2139-4E04-A3BE-90861D1B1652}"
EndProject
Global
	GlobalSection(SolutionConfigurationPlatforms) = preSolution
		Debug|Any CPU = Debug|Any CPU
		Release|Any CPU = Release|Any CPU
	EndGlobalSection
	GlobalSection(ProjectConfigurationPlatforms) = postSolution
		{5AF89F3D-2139-4E04-A3BE-90861D1B1652}.Debug|Any CPU.ActiveCfg = Debug|Any CPU
		{5AF89F3D-2139-4E04-A3BE-90861D1B1652}.Debug|Any CPU.Build.0 = Debug|Any CPU
		{5AF89F3D-2139-4E04-A3BE-90861D1B1652}.Release|Any CPU.ActiveCfg = Release|Any CPU
		{5AF89F3D-2139-4E04-A3BE-90861D1B1652}.Release|Any CPU.Build.0 = Release|Any CPU
	EndGlobalSection
	GlobalSection(SolutionProperties) = preSolution
		HideSolutionNode = FALSE
	EndGlobalSection
	GlobalSection(ExtensibilityGlobals) = postSolution
		SolutionGuid = {A871BD74-8EF8-46BB-B1C9-3B86575FFC97}
	EndGlobalSection
EndGlobal
